# This file is automatically @generated by Cargo.
# It is not intended for manual editing.
version = 4

[[package]]
name = "antiphon"
version = "0.0.0"
dependencies = [
 "antiphon-buildinfo",
]

[[package]]
name = "antiphon-buildinfo"
version = "0.0.0"

[[package]]
name = "antiphon-config"
version = "0.0.0"

[[package]]
name = "antiphon-core"
version = "0.0.0"

[[package]]
name = "antiphon-ipc"
version = "0.0.0"

[[package]]
name = "antiphon-pgp"
version = "0.0.0"

[[package]]
name = "antiphon-render"
version = "0.0.0"

[[package]]
name = "antiphon-store"
version = "0.0.0"

[[package]]
name = "antiphon-sync"
version = "0.0.0"

[[package]]
name = "antiphon-ui"
version = "0.0.0"

[[package]]
name = "antiphon-vault"
version = "0.0.0"

[[package]]
name = "antiphond"
version = "0.0.0"
dependencies = [
 "antiphon-buildinfo",
]
